{
  "version": 2,
  "dependencies": {
    "net9.0": {
      "CSharpier.MsBuild": {
        "type": "Direct",
        "requested": "[1.0.2, )",
        "resolved": "1.0.2",
        "contentHash": "Y98ba4yeefqrJY+MbCXhvb8x4/mCy8zHeuu/dYKwaM4p0Yu2LToI5ffTg/ErcpPuLnwJBNE229STdhf/dlikIw=="
      },
      "Microsoft.DotNet.ILCompiler": {
        "type": "Direct",
        "requested": "[9.0.6, )",
        "resolved": "9.0.6",
        "contentHash": "O7Row/kOgEA3PXpeCVKpDJ9ooAoJDoKoxpZC86voOAwV2NA1jTbQ0Nn0VCuoTT/IvU0T7YNlPldAS0mOrppXmw=="
      },
      "Microsoft.NET.ILLink.Tasks": {
        "type": "Direct",
        "requested": "[9.0.6, )",
        "resolved": "9.0.6",
        "contentHash": "TXy3SbJzGXQbxxIxCjdrp8bwEyTDImyYNpTpd6v7P3JL2Y7dno8EYG7dPezfYTa5SoWKdhbH9cbnwHHs3BR5gA=="
      }
    },
    "net9.0/linux-arm64": {
      "Microsoft.DotNet.ILCompiler": {
        "type": "Direct",
        "requested": "[9.0.6, )",
        "resolved": "9.0.6",
        "contentHash": "O7Row/kOgEA3PXpeCVKpDJ9ooAoJDoKoxpZC86voOAwV2NA1jTbQ0Nn0VCuoTT/IvU0T7YNlPldAS0mOrppXmw==",
        "dependencies": {
          "runtime.linux-arm64.Microsoft.DotNet.ILCompiler": "9.0.6"
        }
      },
      "runtime.linux-arm64.Microsoft.DotNet.ILCompiler": {
        "type": "Transitive",
        "resolved": "9.0.6",
        "contentHash": "GwKh48WevpWbp2JmKhUSAXD27mjfTGSkcbEfi3WKfN5T2Hnf2B/OLll2keGddU9hkomuqFlv2QQXteeyQLZxHA=="
      }
    }
  }
}